// !$*UTF8*$!
{
	archiveVersion = 1;
	classes = {
	};
	objectVersion = 46;
	objects = {

/* Begin PBXBuildFile section */
		20B9E0E81DED92E600C8B9D2 /* AppDelegate.swift in Sources */ = {isa = PBXBuildFile; fileRef = 20B9E0E71DED92E600C8B9D2 /* AppDelegate.swift */; };
		20B9E0EA1DED92E600C8B9D2 /* SignInVC.swift in Sources */ = {isa = PBXBuildFile; fileRef = 20B9E0E91DED92E600C8B9D2 /* SignInVC.swift */; };
		20B9E0ED1DED92E600C8B9D2 /* Main.storyboard in Resources */ = {isa = PBXBuildFile; fileRef = 20B9E0EB1DED92E600C8B9D2 /* Main.storyboard */; };
		20B9E0EF1DED92E600C8B9D2 /* Assets.xcassets in Resources */ = {isa = PBXBuildFile; fileRef = 20B9E0EE1DED92E600C8B9D2 /* Assets.xcassets */; };
		20B9E0F21DED92E600C8B9D2 /* LaunchScreen.storyboard in Resources */ = {isa = PBXBuildFile; fileRef = 20B9E0F01DED92E600C8B9D2 /* LaunchScreen.storyboard */; };
		20B9E0FD1DED92E600C8B9D2 /* ChatAppForiOS10Tests.swift in Sources */ = {isa = PBXBuildFile; fileRef = 20B9E0FC1DED92E600C8B9D2 /* ChatAppForiOS10Tests.swift */; };
		20B9E10C1DED9C1100C8B9D2 /* ContactsVC.swift in Sources */ = {isa = PBXBuildFile; fileRef = 20B9E10B1DED9C1100C8B9D2 /* ContactsVC.swift */; };
		20B9E10E1DEDC95A00C8B9D2 /* GoogleService-Info.plist in Resources */ = {isa = PBXBuildFile; fileRef = 20B9E10D1DEDC95A00C8B9D2 /* GoogleService-Info.plist */; };
		20B9E1101DEDCC6600C8B9D2 /* AuthProvider.swift in Sources */ = {isa = PBXBuildFile; fileRef = 20B9E10F1DEDCC6600C8B9D2 /* AuthProvider.swift */; };
		20B9E1121DEDD84300C8B9D2 /* DBProvider.swift in Sources */ = {isa = PBXBuildFile; fileRef = 20B9E1111DEDD84300C8B9D2 /* DBProvider.swift */; };
		20B9E1141DEDD9EB00C8B9D2 /* Constants.swift in Sources */ = {isa = PBXBuildFile; fileRef = 20B9E1131DEDD9EB00C8B9D2 /* Constants.swift */; };
		20B9E1161DEDE26200C8B9D2 /* Contact.swift in Sources */ = {isa = PBXBuildFile; fileRef = 20B9E1151DEDE26200C8B9D2 /* Contact.swift */; };
		20B9E1181DEE04E100C8B9D2 /* ChatVC.swift in Sources */ = {isa = PBXBuildFile; fileRef = 20B9E1171DEE04E100C8B9D2 /* ChatVC.swift */; };
		20B9E11A1DEE2C6800C8B9D2 /* MessagesHandler.swift in Sources */ = {isa = PBXBuildFile; fileRef = 20B9E1191DEE2C6800C8B9D2 /* MessagesHandler.swift */; };
		23DADDBD54860DBD5BA0C964 /* Pods_ChatAppForiOS10.framework in Frameworks */ = {isa = PBXBuildFile; fileRef = 3EEED3F69901A8818EA3A8B3 /* Pods_ChatAppForiOS10.framework */; };
		9945F2FE59B6BB068FE46D11 /* Pods_ChatAppForiOS10Tests.framework in Frameworks */ = {isa = PBXBuildFile; fileRef = 0ACE1A41581EF26A4C1C3AEE /* Pods_ChatAppForiOS10Tests.framework */; };
/* End PBXBuildFile section */

/* Begin PBXContainerItemProxy section */
		20B9E0F91DED92E600C8B9D2 /* PBXContainerItemProxy */ = {
			isa = PBXContainerItemProxy;
			containerPortal = 20B9E0DC1DED92E400C8B9D2 /* Project object */;
			proxyType = 1;
			remoteGlobalIDString = 20B9E0E31DED92E400C8B9D2;
			remoteInfo = ChatAppForiOS10;
		};
/* End PBXContainerItemProxy section */

/* Begin PBXFileReference section */
		0ACE1A41581EF26A4C1C3AEE /* Pods_ChatAppForiOS10Tests.framework */ = {isa = PBXFileReference; explicitFileType = wrapper.framework; includeInIndex = 0; path = Pods_ChatAppForiOS10Tests.framework; sourceTree = BUILT_PRODUCTS_DIR; };
		20B9E0E41DED92E600C8B9D2 /* ChatAppForiOS10.app */ = {isa = PBXFileReference; explicitFileType = wrapper.application; includeInIndex = 0; path = ChatAppForiOS10.app; sourceTree = BUILT_PRODUCTS_DIR; };
		20B9E0E71DED92E600C8B9D2 /* AppDelegate.swift */ = {isa = PBXFileReference; lastKnownFileType = sourcecode.swift; path = AppDelegate.swift; sourceTree = "<group>"; };
		20B9E0E91DED92E600C8B9D2 /* SignInVC.swift */ = {isa = PBXFileReference; lastKnownFileType = sourcecode.swift; path = SignInVC.swift; sourceTree = "<group>"; };
		20B9E0EC1DED92E600C8B9D2 /* Base */ = {isa = PBXFileReference; lastKnownFileType = file.storyboard; name = Base; path = Base.lproj/Main.storyboard; sourceTree = "<group>"; };
		20B9E0EE1DED92E600C8B9D2 /* Assets.xcassets */ = {isa = PBXFileReference; lastKnownFileType = folder.assetcatalog; path = Assets.xcassets; sourceTree = "<group>"; };
		20B9E0F11DED92E600C8B9D2 /* Base */ = {isa = PBXFileReference; lastKnownFileType = file.storyboard; name = Base; path = Base.lproj/LaunchScreen.storyboard; sourceTree = "<group>"; };
		20B9E0F31DED92E600C8B9D2 /* Info.plist */ = {isa = PBXFileReference; lastKnownFileType = text.plist.xml; path = Info.plist; sourceTree = "<group>"; };
		20B9E0F81DED92E600C8B9D2 /* ChatAppForiOS10Tests.xctest */ = {isa = PBXFileReference; explicitFileType = wrapper.cfbundle; includeInIndex = 0; path = ChatAppForiOS10Tests.xctest; sourceTree = BUILT_PRODUCTS_DIR; };
		20B9E0FC1DED92E600C8B9D2 /* ChatAppForiOS10Tests.swift */ = {isa = PBXFileReference; lastKnownFileType = sourcecode.swift; path = ChatAppForiOS10Tests.swift; sourceTree = "<group>"; };
		20B9E0FE1DED92E600C8B9D2 /* Info.plist */ = {isa = PBXFileReference; lastKnownFileType = text.plist.xml; path = Info.plist; sourceTree = "<group>"; };
		20B9E10B1DED9C1100C8B9D2 /* ContactsVC.swift */ = {isa = PBXFileReference; fileEncoding = 4; lastKnownFileType = sourcecode.swift; path = ContactsVC.swift; sourceTree = "<group>"; };
		20B9E10D1DEDC95A00C8B9D2 /* GoogleService-Info.plist */ = {isa = PBXFileReference; fileEncoding = 4; lastKnownFileType = text.plist.xml; path = "GoogleService-Info.plist"; sourceTree = "<group>"; };
		20B9E10F1DEDCC6600C8B9D2 /* AuthProvider.swift */ = {isa = PBXFileReference; fileEncoding = 4; lastKnownFileType = sourcecode.swift; path = AuthProvider.swift; sourceTree = "<group>"; };
		20B9E1111DEDD84300C8B9D2 /* DBProvider.swift */ = {isa = PBXFileReference; fileEncoding = 4; lastKnownFileType = sourcecode.swift; path = DBProvider.swift; sourceTree = "<group>"; };
		20B9E1131DEDD9EB00C8B9D2 /* Constants.swift */ = {isa = PBXFileReference; fileEncoding = 4; lastKnownFileType = sourcecode.swift; path = Constants.swift; sourceTree = "<group>"; };
		20B9E1151DEDE26200C8B9D2 /* Contact.swift */ = {isa = PBXFileReference; fileEncoding = 4; lastKnownFileType = sourcecode.swift; path = Contact.swift; sourceTree = "<group>"; };
		20B9E1171DEE04E100C8B9D2 /* ChatVC.swift */ = {isa = PBXFileReference; fileEncoding = 4; lastKnownFileType = sourcecode.swift; path = ChatVC.swift; sourceTree = "<group>"; };
		20B9E1191DEE2C6800C8B9D2 /* MessagesHandler.swift */ = {isa = PBXFileReference; fileEncoding = 4; lastKnownFileType = sourcecode.swift; path = MessagesHandler.swift; sourceTree = "<group>"; };
		3EEED3F69901A8818EA3A8B3 /* Pods_ChatAppForiOS10.framework */ = {isa = PBXFileReference; explicitFileType = wrapper.framework; includeInIndex = 0; path = Pods_ChatAppForiOS10.framework; sourceTree = BUILT_PRODUCTS_DIR; };
		45F9B13C50314D4D7D5D2EF0 /* Pods-ChatAppForiOS10Tests.debug.xcconfig */ = {isa = PBXFileReference; includeInIndex = 1; lastKnownFileType = text.xcconfig; name = "Pods-ChatAppForiOS10Tests.debug.xcconfig"; path = "Pods/Target Support Files/Pods-ChatAppForiOS10Tests/Pods-ChatAppForiOS10Tests.debug.xcconfig"; sourceTree = "<group>"; };
		4E6FBC4650ADA12BC82375BC /* Pods-ChatAppForiOS10Tests.release.xcconfig */ = {isa = PBXFileReference; includeInIndex = 1; lastKnownFileType = text.xcconfig; name = "Pods-ChatAppForiOS10Tests.release.xcconfig"; path = "Pods/Target Support Files/Pods-ChatAppForiOS10Tests/Pods-ChatAppForiOS10Tests.release.xcconfig"; sourceTree = "<group>"; };
		C921CF60661F526BA4F5DCB2 /* Pods-ChatAppForiOS10.release.xcconfig */ = {isa = PBXFileReference; includeInIndex = 1; lastKnownFileType = text.xcconfig; name = "Pods-ChatAppForiOS10.release.xcconfig"; path = "Pods/Target Support Files/Pods-ChatAppForiOS10/Pods-ChatAppForiOS10.release.xcconfig"; sourceTree = "<group>"; };
		CA0004760CB3C7BF5E14ECA9 /* Pods-ChatAppForiOS10.debug.xcconfig */ = {isa = PBXFileReference; includeInIndex = 1; lastKnownFileType = text.xcconfig; name = "Pods-ChatAppForiOS10.debug.xcconfig"; path = "Pods/Target Support Files/Pods-ChatAppForiOS10/Pods-ChatAppForiOS10.debug.xcconfig"; sourceTree = "<group>"; };
/* End PBXFileReference section */

/* Begin PBXFrameworksBuildPhase section */
		20B9E0E11DED92E400C8B9D2 /* Frameworks */ = {
			isa = PBXFrameworksBuildPhase;
			buildActionMask = 2147483647;
			files = (
				23DADDBD54860DBD5BA0C964 /* Pods_ChatAppForiOS10.framework in Frameworks */,
			);
			runOnlyForDeploymentPostprocessing = 0;
		};
		20B9E0F51DED92E600C8B9D2 /* Frameworks */ = {
			isa = PBXFrameworksBuildPhase;
			buildActionMask = 2147483647;
			files = (
				9945F2FE59B6BB068FE46D11 /* Pods_ChatAppForiOS10Tests.framework in Frameworks */,
			);
			runOnlyForDeploymentPostprocessing = 0;
		};
/* End PBXFrameworksBuildPhase section */

/* Begin PBXGroup section */
		0DC34C411E2C64E9ADBBDCA8 /* Pods */ = {
			isa = PBXGroup;
			children = (
				CA0004760CB3C7BF5E14ECA9 /* Pods-ChatAppForiOS10.debug.xcconfig */,
				C921CF60661F526BA4F5DCB2 /* Pods-ChatAppForiOS10.release.xcconfig */,
				45F9B13C50314D4D7D5D2EF0 /* Pods-ChatAppForiOS10Tests.debug.xcconfig */,
				4E6FBC4650ADA12BC82375BC /* Pods-ChatAppForiOS10Tests.release.xcconfig */,
			);
			name = Pods;
			sourceTree = "<group>";
		};
		20B9E0DB1DED92E400C8B9D2 = {
			isa = PBXGroup;
			children = (
				20B9E0E61DED92E600C8B9D2 /* ChatAppForiOS10 */,
				20B9E0FB1DED92E600C8B9D2 /* ChatAppForiOS10Tests */,
				20B9E0E51DED92E600C8B9D2 /* Products */,
				0DC34C411E2C64E9ADBBDCA8 /* Pods */,
				DB0E14A045E2A88E34336ED0 /* Frameworks */,
			);
			sourceTree = "<group>";
		};
		20B9E0E51DED92E600C8B9D2 /* Products */ = {
			isa = PBXGroup;
			children = (
				20B9E0E41DED92E600C8B9D2 /* ChatAppForiOS10.app */,
				20B9E0F81DED92E600C8B9D2 /* ChatAppForiOS10Tests.xctest */,
			);
			name = Products;
			sourceTree = "<group>";
		};
		20B9E0E61DED92E600C8B9D2 /* ChatAppForiOS10 */ = {
			isa = PBXGroup;
			children = (
				20B9E10A1DED9AC800C8B9D2 /* Plugins */,
				20B9E1091DED9AC100C8B9D2 /* Model */,
				20B9E1081DED9AB900C8B9D2 /* View */,
				20B9E1071DED9AAE00C8B9D2 /* Controller */,
				20B9E0E71DED92E600C8B9D2 /* AppDelegate.swift */,
				20B9E0EB1DED92E600C8B9D2 /* Main.storyboard */,
				20B9E0EE1DED92E600C8B9D2 /* Assets.xcassets */,
				20B9E0F01DED92E600C8B9D2 /* LaunchScreen.storyboard */,
				20B9E0F31DED92E600C8B9D2 /* Info.plist */,
				20B9E10D1DEDC95A00C8B9D2 /* GoogleService-Info.plist */,
			);
			path = ChatAppForiOS10;
			sourceTree = "<group>";
		};
		20B9E0FB1DED92E600C8B9D2 /* ChatAppForiOS10Tests */ = {
			isa = PBXGroup;
			children = (
				20B9E0FC1DED92E600C8B9D2 /* ChatAppForiOS10Tests.swift */,
				20B9E0FE1DED92E600C8B9D2 /* Info.plist */,
			);
			path = ChatAppForiOS10Tests;
			sourceTree = "<group>";
		};
		20B9E1071DED9AAE00C8B9D2 /* Controller */ = {
			isa = PBXGroup;
			children = (
				20B9E0E91DED92E600C8B9D2 /* SignInVC.swift */,
				20B9E10B1DED9C1100C8B9D2 /* ContactsVC.swift */,
				20B9E1171DEE04E100C8B9D2 /* ChatVC.swift */,
			);
			name = Controller;
			sourceTree = "<group>";
		};
		20B9E1081DED9AB900C8B9D2 /* View */ = {
			isa = PBXGroup;
			children = (
			);
			name = View;
			sourceTree = "<group>";
		};
		20B9E1091DED9AC100C8B9D2 /* Model */ = {
			isa = PBXGroup;
			children = (
				20B9E1131DEDD9EB00C8B9D2 /* Constants.swift */,
				20B9E1151DEDE26200C8B9D2 /* Contact.swift */,
			);
			name = Model;
			sourceTree = "<group>";
		};
		20B9E10A1DED9AC800C8B9D2 /* Plugins */ = {
			isa = PBXGroup;
			children = (
				20B9E10F1DEDCC6600C8B9D2 /* AuthProvider.swift */,
				20B9E1111DEDD84300C8B9D2 /* DBProvider.swift */,
				20B9E1191DEE2C6800C8B9D2 /* MessagesHandler.swift */,
			);
			name = Plugins;
			sourceTree = "<group>";
		};
		DB0E14A045E2A88E34336ED0 /* Frameworks */ = {
			isa = PBXGroup;
			children = (
				3EEED3F69901A8818EA3A8B3 /* Pods_ChatAppForiOS10.framework */,
				0ACE1A41581EF26A4C1C3AEE /* Pods_ChatAppForiOS10Tests.framework */,
			);
			name = Frameworks;
			sourceTree = "<group>";
		};
/* End PBXGroup section */

/* Begin PBXNativeTarget section */
		20B9E0E31DED92E400C8B9D2 /* ChatAppForiOS10 */ = {
			isa = PBXNativeTarget;
			buildConfigurationList = 20B9E1011DED92E600C8B9D2 /* Build configuration list for PBXNativeTarget "ChatAppForiOS10" */;
			buildPhases = (
				3521390B4D0FC7A975280645 /* [CP] Check Pods Manifest.lock */,
				20B9E0E01DED92E400C8B9D2 /* Sources */,
				20B9E0E11DED92E400C8B9D2 /* Frameworks */,
				20B9E0E21DED92E400C8B9D2 /* Resources */,
				D8286D4F2DB20A650DB7A3CE /* [CP] Embed Pods Frameworks */,
				EEC1717D46694BCFA97195E0 /* [CP] Copy Pods Resources */,
			);
			buildRules = (
			);
			dependencies = (
			);
			name = ChatAppForiOS10;
			productName = ChatAppForiOS10;
			productReference = 20B9E0E41DED92E600C8B9D2 /* ChatAppForiOS10.app */;
			productType = "com.apple.product-type.application";
		};
		20B9E0F71DED92E600C8B9D2 /* ChatAppForiOS10Tests */ = {
			isa = PBXNativeTarget;
			buildConfigurationList = 20B9E1041DED92E600C8B9D2 /* Build configuration list for PBXNativeTarget "ChatAppForiOS10Tests" */;
			buildPhases = (
				477E2143FDE820D0D846952D /* [CP] Check Pods Manifest.lock */,
				20B9E0F41DED92E600C8B9D2 /* Sources */,
				20B9E0F51DED92E600C8B9D2 /* Frameworks */,
				20B9E0F61DED92E600C8B9D2 /* Resources */,
				A17EADEB31FB07C7F75FC209 /* [CP] Embed Pods Frameworks */,
				BA2EDB933F64B005899C6B66 /* [CP] Copy Pods Resources */,
			);
			buildRules = (
			);
			dependencies = (
				20B9E0FA1DED92E600C8B9D2 /* PBXTargetDependency */,
			);
			name = ChatAppForiOS10Tests;
			productName = ChatAppForiOS10Tests;
			productReference = 20B9E0F81DED92E600C8B9D2 /* ChatAppForiOS10Tests.xctest */;
			productType = "com.apple.product-type.bundle.unit-test";
		};
/* End PBXNativeTarget section */

/* Begin PBXProject section */
		20B9E0DC1DED92E400C8B9D2 /* Project object */ = {
			isa = PBXProject;
			attributes = {
				LastSwiftUpdateCheck = 0810;
				LastUpgradeCheck = 0810;
				ORGANIZATIONNAME = "Rickey Hrabowskie";
				TargetAttributes = {
					20B9E0E31DED92E400C8B9D2 = {
						CreatedOnToolsVersion = 8.1;
						DevelopmentTeam = XC48HTB69A;
						ProvisioningStyle = Automatic;
					};
					20B9E0F71DED92E600C8B9D2 = {
						CreatedOnToolsVersion = 8.1;
						DevelopmentTeam = XC48HTB69A;
						ProvisioningStyle = Automatic;
						TestTargetID = 20B9E0E31DED92E400C8B9D2;
					};
				};
			};
			buildConfigurationList = 20B9E0DF1DED92E400C8B9D2 /* Build configuration list for PBXProject "ChatAppForiOS10" */;
			compatibilityVersion = "Xcode 3.2";
			developmentRegion = English;
			hasScannedForEncodings = 0;
			knownRegions = (
				en,
				Base,
			);
			mainGroup = 20B9E0DB1DED92E400C8B9D2;
			productRefGroup = 20B9E0E51DED92E600C8B9D2 /* Products */;
			projectDirPath = "";
			projectRoot = "";
			targets = (
				20B9E0E31DED92E400C8B9D2 /* ChatAppForiOS10 */,
				20B9E0F71DED92E600C8B9D2 /* ChatAppForiOS10Tests */,
			);
		};
/* End PBXProject section */

/* Begin PBXResourcesBuildPhase section */
		20B9E0E21DED92E400C8B9D2 /* Resources */ = {
			isa = PBXResourcesBuildPhase;
			buildActionMask = 2147483647;
			files = (
				20B9E0F21DED92E600C8B9D2 /* LaunchScreen.storyboard in Resources */,
				20B9E10E1DEDC95A00C8B9D2 /* GoogleService-Info.plist in Resources */,
				20B9E0EF1DED92E600C8B9D2 /* Assets.xcassets in Resources */,
				20B9E0ED1DED92E600C8B9D2 /* Main.storyboard in Resources */,
			);
			runOnlyForDeploymentPostprocessing = 0;
		};
		20B9E0F61DED92E600C8B9D2 /* Resources */ = {
			isa = PBXResourcesBuildPhase;
			buildActionMask = 2147483647;
			files = (
			);
			runOnlyForDeploymentPostprocessing = 0;
		};
/* End PBXResourcesBuildPhase section */

/* Begin PBXShellScriptBuildPhase section */
		3521390B4D0FC7A975280645 /* [CP] Check Pods Manifest.lock */ = {
			isa = PBXShellScriptBuildPhase;
			buildActionMask = 2147483647;
			files = (
			);
			inputPaths = (
			);
			name = "[CP] Check Pods Manifest.lock";
			outputPaths = (
			);
			runOnlyForDeploymentPostprocessing = 0;
			shellPath = /bin/sh;
			shellScript = "diff \"${PODS_ROOT}/../Podfile.lock\" \"${PODS_ROOT}/Manifest.lock\" > /dev/null\nif [ $? != 0 ] ; then\n    # print error to STDERR\n    echo \"error: The sandbox is not in sync with the Podfile.lock. Run 'pod install' or update your CocoaPods installation.\" >&2\n    exit 1\nfi\n";
			showEnvVarsInLog = 0;
		};
		477E2143FDE820D0D846952D /* [CP] Check Pods Manifest.lock */ = {
			isa = PBXShellScriptBuildPhase;
			buildActionMask = 2147483647;
			files = (
			);
			inputPaths = (
			);
			name = "[CP] Check Pods Manifest.lock";
			outputPaths = (
			);
			runOnlyForDeploymentPostprocessing = 0;
			shellPath = /bin/sh;
			shellScript = "diff \"${PODS_ROOT}/../Podfile.lock\" \"${PODS_ROOT}/Manifest.lock\" > /dev/null\nif [ $? != 0 ] ; then\n    # print error to STDERR\n    echo \"error: The sandbox is not in sync with the Podfile.lock. Run 'pod install' or update your CocoaPods installation.\" >&2\n    exit 1\nfi\n";
			showEnvVarsInLog = 0;
		};
		A17EADEB31FB07C7F75FC209 /* [CP] Embed Pods Frameworks */ = {
			isa = PBXShellScriptBuildPhase;
			buildActionMask = 2147483647;
			files = (
			);
			inputPaths = (
			);
			name = "[CP] Embed Pods Frameworks";
			outputPaths = (
			);
			runOnlyForDeploymentPostprocessing = 0;
			shellPath = /bin/sh;
			shellScript = "\"${SRCROOT}/Pods/Target Support Files/Pods-ChatAppForiOS10Tests/Pods-ChatAppForiOS10Tests-frameworks.sh\"\n";
			showEnvVarsInLog = 0;
		};
		BA2EDB933F64B005899C6B66 /* [CP] Copy Pods Resources */ = {
			isa = PBXShellScriptBuildPhase;
			buildActionMask = 2147483647;
			files = (
			);
			inputPaths = (
			);
			name = "[CP] Copy Pods Resources";
			outputPaths = (
			);
			runOnlyForDeploymentPostprocessing = 0;
			shellPath = /bin/sh;
			shellScript = "\"${SRCROOT}/Pods/Target Support Files/Pods-ChatAppForiOS10Tests/Pods-ChatAppForiOS10Tests-resources.sh\"\n";
			showEnvVarsInLog = 0;
		};
		D8286D4F2DB20A650DB7A3CE /* [CP] Embed Pods Frameworks */ = {
			isa = PBXShellScriptBuildPhase;
			buildActionMask = 2147483647;
			files = (
			);
			inputPaths = (
			);
			name = "[CP] Embed Pods Frameworks";
			outputPaths = (
			);
			runOnlyForDeploymentPostprocessing = 0;
			shellPath = /bin/sh;
			shellScript = "\"${SRCROOT}/Pods/Target Support Files/Pods-ChatAppForiOS10/Pods-ChatAppForiOS10-frameworks.sh\"\n";
			showEnvVarsInLog = 0;
		};
		EEC1717D46694BCFA97195E0 /* [CP] Copy Pods Resources */ = {
			isa = PBXShellScriptBuildPhase;
			buildActionMask = 2147483647;
			files = (
			);
			inputPaths = (
			);
			name = "[CP] Copy Pods Resources";
			outputPaths = (
			);
			runOnlyForDeploymentPostprocessing = 0;
			shellPath = /bin/sh;
			shellScript = "\"${SRCROOT}/Pods/Target Support Files/Pods-ChatAppForiOS10/Pods-ChatAppForiOS10-resources.sh\"\n";
			showEnvVarsInLog = 0;
		};
/* End PBXShellScriptBuildPhase section */

/* Begin PBXSourcesBuildPhase section */
		20B9E0E01DED92E400C8B9D2 /* Sources */ = {
			isa = PBXSourcesBuildPhase;
			buildActionMask = 2147483647;
			files = (
				20B9E11A1DEE2C6800C8B9D2 /* MessagesHandler.swift in Sources */,
				20B9E1181DEE04E100C8B9D2 /* ChatVC.swift in Sources */,
				20B9E0EA1DED92E600C8B9D2 /* SignInVC.swift in Sources */,
				20B9E0E81DED92E600C8B9D2 /* AppDelegate.swift in Sources */,
				20B9E1121DEDD84300C8B9D2 /* DBProvider.swift in Sources */,
				20B9E1101DEDCC6600C8B9D2 /* AuthProvider.swift in Sources */,
				20B9E10C1DED9C1100C8B9D2 /* ContactsVC.swift in Sources */,
				20B9E1141DEDD9EB00C8B9D2 /* Constants.swift in Sources */,
				20B9E1161DEDE26200C8B9D2 /* Contact.swift in Sources */,
			);
			runOnlyForDeploymentPostprocessing = 0;
		};
		20B9E0F41DED92E600C8B9D2 /* Sources */ = {
			isa = PBXSourcesBuildPhase;
			buildActionMask = 2147483647;
			files = (
				20B9E0FD1DED92E600C8B9D2 /* ChatAppForiOS10Tests.swift in Sources */,
			);
			runOnlyForDeploymentPostprocessing = 0;
		};
/* End PBXSourcesBuildPhase section */

/* Begin PBXTargetDependency section */
		20B9E0FA1DED92E600C8B9D2 /* PBXTargetDependency */ = {
			isa = PBXTargetDependency;
			target = 20B9E0E31DED92E400C8B9D2 /* ChatAppForiOS10 */;
			targetProxy = 20B9E0F91DED92E600C8B9D2 /* PBXContainerItemProxy */;
		};
/* End PBXTargetDependency section */

/* Begin PBXVariantGroup section */
		20B9E0EB1DED92E600C8B9D2 /* Main.storyboard */ = {
			isa = PBXVariantGroup;
			children = (
				20B9E0EC1DED92E600C8B9D2 /* Base */,
			);
			name = Main.storyboard;
			sourceTree = "<group>";
		};
		20B9E0F01DED92E600C8B9D2 /* LaunchScreen.storyboard */ = {
			isa = PBXVariantGroup;
			children = (
				20B9E0F11DED92E600C8B9D2 /* Base */,
			);
			name = LaunchScreen.storyboard;
			sourceTree = "<group>";
		};
/* End PBXVariantGroup section */

/* Begin XCBuildConfiguration section */
		20B9E0FF1DED92E600C8B9D2 /* Debug */ = {
			isa = XCBuildConfiguration;
			buildSettings = {
				ALWAYS_SEARCH_USER_PATHS = NO;
				CLANG_ANALYZER_NONNULL = YES;
				CLANG_CXX_LANGUAGE_STANDARD = "gnu++0x";
				CLANG_CXX_LIBRARY = "libc++";
				CLANG_ENABLE_MODULES = YES;
				CLANG_ENABLE_OBJC_ARC = YES;
				CLANG_WARN_BOOL_CONVERSION = YES;
				CLANG_WARN_CONSTANT_CONVERSION = YES;
				CLANG_WARN_DIRECT_OBJC_ISA_USAGE = YES_ERROR;
				CLANG_WARN_DOCUMENTATION_COMMENTS = YES;
				CLANG_WARN_EMPTY_BODY = YES;
				CLANG_WARN_ENUM_CONVERSION = YES;
				CLANG_WARN_INFINITE_RECURSION = YES;
				CLANG_WARN_INT_CONVERSION = YES;
				CLANG_WARN_OBJC_ROOT_CLASS = YES_ERROR;
				CLANG_WARN_SUSPICIOUS_MOVES = YES;
				CLANG_WARN_UNREACHABLE_CODE = YES;
				CLANG_WARN__DUPLICATE_METHOD_MATCH = YES;
				"CODE_SIGN_IDENTITY[sdk=iphoneos*]" = "iPhone Developer";
				COPY_PHASE_STRIP = NO;
				DEBUG_INFORMATION_FORMAT = dwarf;
				ENABLE_STRICT_OBJC_MSGSEND = YES;
				ENABLE_TESTABILITY = YES;
				GCC_C_LANGUAGE_STANDARD = gnu99;
				GCC_DYNAMIC_NO_PIC = NO;
				GCC_NO_COMMON_BLOCKS = YES;
				GCC_OPTIMIZATION_LEVEL = 0;
				GCC_PREPROCESSOR_DEFINITIONS = (
					"DEBUG=1",
					"$(inherited)",
				);
				GCC_WARN_64_TO_32_BIT_CONVERSION = YES;
				GCC_WARN_ABOUT_RETURN_TYPE = YES_ERROR;
				GCC_WARN_UNDECLARED_SELECTOR = YES;
				GCC_WARN_UNINITIALIZED_AUTOS = YES_AGGRESSIVE;
				GCC_WARN_UNUSED_FUNCTION = YES;
				GCC_WARN_UNUSED_VARIABLE = YES;
				IPHONEOS_DEPLOYMENT_TARGET = 10.1;
				MTL_ENABLE_DEBUG_INFO = YES;
				ONLY_ACTIVE_ARCH = YES;
				SDKROOT = iphoneos;
				SWIFT_ACTIVE_COMPILATION_CONDITIONS = DEBUG;
				SWIFT_OPTIMIZATION_LEVEL = "-Onone";
				TARGETED_DEVICE_FAMILY = "1,2";
			};
			name = Debug;
		};
		20B9E1001DED92E600C8B9D2 /* Release */ = {
			isa = XCBuildConfiguration;
			buildSettings = {
				ALWAYS_SEARCH_USER_PATHS = NO;
				CLANG_ANALYZER_NONNULL = YES;
				CLANG_CXX_LANGUAGE_STANDARD = "gnu++0x";
				CLANG_CXX_LIBRARY = "libc++";
				CLANG_ENABLE_MODULES = YES;
				CLANG_ENABLE_OBJC_ARC = YES;
				CLANG_WARN_BOOL_CONVERSION = YES;
				CLANG_WARN_CONSTANT_CONVERSION = YES;
				CLANG_WARN_DIRECT_OBJC_ISA_USAGE = YES_ERROR;
				CLANG_WARN_DOCUMENTATION_COMMENTS = YES;
				CLANG_WARN_EMPTY_BODY = YES;
				CLANG_WARN_ENUM_CONVERSION = YES;
				CLANG_WARN_INFINITE_RECURSION = YES;
				CLANG_WARN_INT_CONVERSION = YES;
				CLANG_WARN_OBJC_ROOT_CLASS = YES_ERROR;
				CLANG_WARN_SUSPICIOUS_MOVES = YES;
				CLANG_WARN_UNREACHABLE_CODE = YES;
				CLANG_WARN__DUPLICATE_METHOD_MATCH = YES;
				"CODE_SIGN_IDENTITY[sdk=iphoneos*]" = "iPhone Developer";
				COPY_PHASE_STRIP = NO;
				DEBUG_INFORMATION_FORMAT = "dwarf-with-dsym";
				ENABLE_NS_ASSERTIONS = NO;
				ENABLE_STRICT_OBJC_MSGSEND = YES;
				GCC_C_LANGUAGE_STANDARD = gnu99;
				GCC_NO_COMMON_BLOCKS = YES;
				GCC_WARN_64_TO_32_BIT_CONVERSION = YES;
				GCC_WARN_ABOUT_RETURN_TYPE = YES_ERROR;
				GCC_WARN_UNDECLARED_SELECTOR = YES;
				GCC_WARN_UNINITIALIZED_AUTOS = YES_AGGRESSIVE;
				GCC_WARN_UNUSED_FUNCTION = YES;
				GCC_WARN_UNUSED_VARIABLE = YES;
				IPHONEOS_DEPLOYMENT_TARGET = 10.1;
				MTL_ENABLE_DEBUG_INFO = NO;
				SDKROOT = iphoneos;
				SWIFT_OPTIMIZATION_LEVEL = "-Owholemodule";
				TARGETED_DEVICE_FAMILY = "1,2";
				VALIDATE_PRODUCT = YES;
			};
			name = Release;
		};
		20B9E1021DED92E600C8B9D2 /* Debug */ = {
			isa = XCBuildConfiguration;
			baseConfigurationReference = CA0004760CB3C7BF5E14ECA9 /* Pods-ChatAppForiOS10.debug.xcconfig */;
			buildSettings = {
				ASSETCATALOG_COMPILER_APPICON_NAME = AppIcon;
				DEVELOPMENT_TEAM = XC48HTB69A;
				INFOPLIST_FILE = ChatAppForiOS10/Info.plist;
				LD_RUNPATH_SEARCH_PATHS = "$(inherited) @executable_path/Frameworks";
				PRODUCT_BUNDLE_IDENTIFIER = com.rickeyHrabowskie.ChatAppForiOS10;
				PRODUCT_NAME = "$(TARGET_NAME)";
				SWIFT_VERSION = 3.0;
			};
			name = Debug;
		};
		20B9E1031DED92E600C8B9D2 /* Release */ = {
			isa = XCBuildConfiguration;
			baseConfigurationReference = C921CF60661F526BA4F5DCB2 /* Pods-ChatAppForiOS10.release.xcconfig */;
			buildSettings = {
				ASSETCATALOG_COMPILER_APPICON_NAME = AppIcon;
				DEVELOPMENT_TEAM = XC48HTB69A;
				INFOPLIST_FILE = ChatAppForiOS10/Info.plist;
				LD_RUNPATH_SEARCH_PATHS = "$(inherited) @executable_path/Frameworks";
				PRODUCT_BUNDLE_IDENTIFIER = com.rickeyHrabowskie.ChatAppForiOS10;
				PRODUCT_NAME = "$(TARGET_NAME)";
				SWIFT_VERSION = 3.0;
			};
			name = Release;
		};
		20B9E1051DED92E600C8B9D2 /* Debug */ = {
			isa = XCBuildConfiguration;
			baseConfigurationReference = 45F9B13C50314D4D7D5D2EF0 /* Pods-ChatAppForiOS10Tests.debug.xcconfig */;
			buildSettings = {
				ALWAYS_EMBED_SWIFT_STANDARD_LIBRARIES = YES;
				BUNDLE_LOADER = "$(TEST_HOST)";
				DEVELOPMENT_TEAM = XC48HTB69A;
				INFOPLIST_FILE = ChatAppForiOS10Tests/Info.plist;
				LD_RUNPATH_SEARCH_PATHS = "$(inherited) @executable_path/Frameworks @loader_path/Frameworks";
				PRODUCT_BUNDLE_IDENTIFIER = com.rickeyHrabowskie.ChatAppForiOS10Tests;
				PRODUCT_NAME = "$(TARGET_NAME)";
				SWIFT_VERSION = 3.0;
				TEST_HOST = "$(BUILT_PRODUCTS_DIR)/ChatAppForiOS10.app/ChatAppForiOS10";
			};
			name = Debug;
		};
		20B9E1061DED92E600C8B9D2 /* Release */ = {
			isa = XCBuildConfiguration;
			baseConfigurationReference = 4E6FBC4650ADA12BC82375BC /* Pods-ChatAppForiOS10Tests.release.xcconfig */;
			buildSettings = {
				ALWAYS_EMBED_SWIFT_STANDARD_LIBRARIES = YES;
				BUNDLE_LOADER = "$(TEST_HOST)";
				DEVELOPMENT_TEAM = XC48HTB69A;
				INFOPLIST_FILE = ChatAppForiOS10Tests/Info.plist;
				LD_RUNPATH_SEARCH_PATHS = "$(inherited) @executable_path/Frameworks @loader_path/Frameworks";
				PRODUCT_BUNDLE_IDENTIFIER = com.rickeyHrabowskie.ChatAppForiOS10Tests;
				PRODUCT_NAME = "$(TARGET_NAME)";
				SWIFT_VERSION = 3.0;
				TEST_HOST = "$(BUILT_PRODUCTS_DIR)/ChatAppForiOS10.app/ChatAppForiOS10";
			};
			name = Release;
		};
/* End XCBuildConfiguration section */

/* Begin XCConfigurationList section */
		20B9E0DF1DED92E400C8B9D2 /* Build configuration list for PBXProject "ChatAppForiOS10" */ = {
			isa = XCConfigurationList;
			buildConfigurations = (
				20B9E0FF1DED92E600C8B9D2 /* Debug */,
				20B9E1001DED92E600C8B9D2 /* Release */,
			);
			defaultConfigurationIsVisible = 0;
			defaultConfigurationName = Release;
		};
		20B9E1011DED92E600C8B9D2 /* Build configuration list for PBXNativeTarget "ChatAppForiOS10" */ = {
			isa = XCConfigurationList;
			buildConfigurations = (
				20B9E1021DED92E600C8B9D2 /* Debug */,
				20B9E1031DED92E600C8B9D2 /* Release */,
			);
			defaultConfigurationIsVisible = 0;
			defaultConfigurationName = Release;
		};
		20B9E1041DED92E600C8B9D2 /* Build configuration list for PBXNativeTarget "ChatAppForiOS10Tests" */ = {
			isa = XCConfigurationList;
			buildConfigurations = (
				20B9E1051DED92E600C8B9D2 /* Debug */,
				20B9E1061DED92E600C8B9D2 /* Release */,
			);
			defaultConfigurationIsVisible = 0;
			defaultConfigurationName = Release;
		};
/* End XCConfigurationList section */
	};
	rootObject = 20B9E0DC1DED92E400C8B9D2 /* Project object */;
}
